
Microsoft Visual Studio Solution File, Format Version 12.00
# Visual Studio Version 17
VisualStudioVersion = 17.14.36930.0
MinimumVisualStudioVersion = 10.0.40219.1
Project("{FAE04EC0-301F-11D3-BF4B-00C04F79EFBC}") = "SEG.WmsAPI", "SEG.WmsAPI.csproj", "{1277F673-EBBB-4BBB-8027-3B0DC9ADF551}"
EndProject
Project("{FAE04EC0-301F-11D3-BF4B-00C04F79EFBC}") = "SEG.WmsAPI.Test", "..\SEG.WmsAPI.Test\SEG.WmsAPI.Test.csproj", "{A55FAF03-7ADA-45FA-BC96-F9BAF085EE66}"
EndProject
Project("{FAE04EC0-301F-11D3-BF4B-00C04F79EFBC}") = "AesHelperGUI", "..\AesHelperGUI\AesHelperGUI.csproj", "{261522C0-8BD2-4A80-8EA0-FF7B370EF244}"
EndProject
Global
	GlobalSection(SolutionConfigurationPlatforms) = preSolution
		Debug|Any CPU = Debug|Any CPU
		Release|Any CPU = Release|Any CPU
	EndGlobalSection
	GlobalSection(ProjectConfigurationPlatforms) = postSolution
		{1277F673-EBBB-4BBB-8027-3B0DC9ADF551}.Debug|Any CPU.ActiveCfg = Debug|Any CPU
		{1277F673-EBBB-4BBB-8027-3B0DC9ADF551}.Debug|Any CPU.Build.0 = Debug|Any CPU
		{1277F673-EBBB-4BBB-8027-3B0DC9ADF551}.Release|Any CPU.ActiveCfg = Release|Any CPU
		{1277F673-EBBB-4BBB-8027-3B0DC9ADF551}.Release|Any CPU.Build.0 = Release|Any CPU
		{A55FAF03-7ADA-45FA-BC96-F9BAF085EE66}.Debug|Any CPU.ActiveCfg = Debug|Any CPU
		{A55FAF03-7ADA-45FA-BC96-F9BAF085EE66}.Debug|Any CPU.Build.0 = Debug|Any CPU
		{A55FAF03-7ADA-45FA-BC96-F9BAF085EE66}.Release|Any CPU.ActiveCfg = Release|Any CPU
		{A55FAF03-7ADA-45FA-BC96-F9BAF085EE66}.Release|Any CPU.Build.0 = Release|Any CPU
		{261522C0-8BD2-4A80-8EA0-FF7B370EF244}.Debug|Any CPU.ActiveCfg = Debug|Any CPU
		{261522C0-8BD2-4A80-8EA0-FF7B370EF244}.Debug|Any CPU.Build.0 = Debug|Any CPU
		{261522C0-8BD2-4A80-8EA0-FF7B370EF244}.Release|Any CPU.ActiveCfg = Release|Any CPU
		{261522C0-8BD2-4A80-8EA0-FF7B370EF244}.Release|Any CPU.Build.0 = Release|Any CPU
	EndGlobalSection
	GlobalSection(SolutionProperties) = preSolution
		HideSolutionNode = FALSE
	EndGlobalSection
	GlobalSection(ExtensibilityGlobals) = postSolution
		SolutionGuid = {A3622EDE-D6EA-4D52-89E8-B00277519F59}
	EndGlobalSection
EndGlobal
